
Microsoft Visual Studio Solution File, Format Version 12.00
# Visual Studio 14
VisualStudioVersion = 14.0.24720.0
MinimumVisualStudioVersion = 10.0.40219.1
Project("{FAE04EC0-301F-11D3-BF4B-00C04F79EFBC}") = "CTime", "CTime\CTime.csproj", "{3BF08BCF-B2E8-4398-8190-C418E4F77D21}"
EndProject
Project("{FAE04EC0-301F-11D3-BF4B-00C04F79EFBC}") = "CNote", "CNote\CNote.csproj", "{5D23FD6F-C3EC-467C-AF64-98D3266D6207}"
EndProject
Project("{FAE04EC0-301F-11D3-BF4B-00C04F79EFBC}") = "CBase", "CBase\CBase.csproj", "{0326A318-E9C7-4609-B9A3-46921E82C201}"
EndProject
Project("{FAE04EC0-301F-11D3-BF4B-00C04F79EFBC}") = "CFit", "CFit\CFit.csproj", "{EDF9D11C-81DF-4758-A79E-4665F0F8E1A2}"
EndProject
Project("{FAE04EC0-301F-11D3-BF4B-00C04F79EFBC}") = "CSuite", "CSuite\CSuite.csproj", "{5EF5D58B-D536-4437-B163-CAA3E1688C6D}"
EndProject
<<<<<<< HEAD
Project("{FAE04EC0-301F-11D3-BF4B-00C04F79EFBC}") = "CMote", "CMote\CMote.csproj", "{931C7AA0-BF9B-4C3D-8D39-5B959DBDFCA3}"
=======
Project("{FAE04EC0-301F-11D3-BF4B-00C04F79EFBC}") = "CMote", "CMote\CMote.csproj", "{0755809D-A72B-4B79-A148-85F3343D69C4}"
>>>>>>> 7152a807a25f9ada60c40dab14bea7a9d253739b
EndProject
Global
	GlobalSection(SolutionConfigurationPlatforms) = preSolution
		Debug|Any CPU = Debug|Any CPU
		Release|Any CPU = Release|Any CPU
	EndGlobalSection
	GlobalSection(ProjectConfigurationPlatforms) = postSolution
		{3BF08BCF-B2E8-4398-8190-C418E4F77D21}.Debug|Any CPU.ActiveCfg = Debug|Any CPU
		{3BF08BCF-B2E8-4398-8190-C418E4F77D21}.Debug|Any CPU.Build.0 = Debug|Any CPU
		{3BF08BCF-B2E8-4398-8190-C418E4F77D21}.Release|Any CPU.ActiveCfg = Release|Any CPU
		{3BF08BCF-B2E8-4398-8190-C418E4F77D21}.Release|Any CPU.Build.0 = Release|Any CPU
		{5D23FD6F-C3EC-467C-AF64-98D3266D6207}.Debug|Any CPU.ActiveCfg = Debug|Any CPU
		{5D23FD6F-C3EC-467C-AF64-98D3266D6207}.Debug|Any CPU.Build.0 = Debug|Any CPU
		{5D23FD6F-C3EC-467C-AF64-98D3266D6207}.Release|Any CPU.ActiveCfg = Release|Any CPU
		{5D23FD6F-C3EC-467C-AF64-98D3266D6207}.Release|Any CPU.Build.0 = Release|Any CPU
		{0326A318-E9C7-4609-B9A3-46921E82C201}.Debug|Any CPU.ActiveCfg = Debug|Any CPU
		{0326A318-E9C7-4609-B9A3-46921E82C201}.Debug|Any CPU.Build.0 = Debug|Any CPU
		{0326A318-E9C7-4609-B9A3-46921E82C201}.Release|Any CPU.ActiveCfg = Release|Any CPU
		{0326A318-E9C7-4609-B9A3-46921E82C201}.Release|Any CPU.Build.0 = Release|Any CPU
		{EDF9D11C-81DF-4758-A79E-4665F0F8E1A2}.Debug|Any CPU.ActiveCfg = Debug|Any CPU
		{EDF9D11C-81DF-4758-A79E-4665F0F8E1A2}.Debug|Any CPU.Build.0 = Debug|Any CPU
		{EDF9D11C-81DF-4758-A79E-4665F0F8E1A2}.Release|Any CPU.ActiveCfg = Release|Any CPU
		{EDF9D11C-81DF-4758-A79E-4665F0F8E1A2}.Release|Any CPU.Build.0 = Release|Any CPU
		{5EF5D58B-D536-4437-B163-CAA3E1688C6D}.Debug|Any CPU.ActiveCfg = Debug|Any CPU
		{5EF5D58B-D536-4437-B163-CAA3E1688C6D}.Debug|Any CPU.Build.0 = Debug|Any CPU
		{5EF5D58B-D536-4437-B163-CAA3E1688C6D}.Release|Any CPU.ActiveCfg = Release|Any CPU
		{5EF5D58B-D536-4437-B163-CAA3E1688C6D}.Release|Any CPU.Build.0 = Release|Any CPU
<<<<<<< HEAD
		{931C7AA0-BF9B-4C3D-8D39-5B959DBDFCA3}.Debug|Any CPU.ActiveCfg = Debug|Any CPU
		{931C7AA0-BF9B-4C3D-8D39-5B959DBDFCA3}.Debug|Any CPU.Build.0 = Debug|Any CPU
		{931C7AA0-BF9B-4C3D-8D39-5B959DBDFCA3}.Release|Any CPU.ActiveCfg = Release|Any CPU
		{931C7AA0-BF9B-4C3D-8D39-5B959DBDFCA3}.Release|Any CPU.Build.0 = Release|Any CPU
=======
		{0755809D-A72B-4B79-A148-85F3343D69C4}.Debug|Any CPU.ActiveCfg = Debug|Any CPU
		{0755809D-A72B-4B79-A148-85F3343D69C4}.Debug|Any CPU.Build.0 = Debug|Any CPU
		{0755809D-A72B-4B79-A148-85F3343D69C4}.Release|Any CPU.ActiveCfg = Release|Any CPU
		{0755809D-A72B-4B79-A148-85F3343D69C4}.Release|Any CPU.Build.0 = Release|Any CPU
>>>>>>> 7152a807a25f9ada60c40dab14bea7a9d253739b
	EndGlobalSection
	GlobalSection(SolutionProperties) = preSolution
		HideSolutionNode = FALSE
	EndGlobalSection
EndGlobal
